
Microsoft Visual Studio Solution File, Format Version 12.00
# Visual Studio Version 17
VisualStudioVersion = 17.0.32112.339
MinimumVisualStudioVersion = 10.0.40219.1
Project("{FAE04EC0-301F-11D3-BF4B-00C04F79EFBC}") = "CapaPresentacion", "CapaPresentacion\CapaPresentacion.csproj", "{D0D98E33-BF45-40ED-BFF5-3413A9430EBF}"
EndProject
Project("{FAE04EC0-301F-11D3-BF4B-00C04F79EFBC}") = "CapaNegocio", "CapaNegocio\CapaNegocio.csproj", "{4AEE1376-94FF-4695-8A72-97C7A9F8B922}"
EndProject
Project("{FAE04EC0-301F-11D3-BF4B-00C04F79EFBC}") = "CapaDatos", "CapaDatos\CapaDatos.csproj", "{A888B92F-EC38-460E-B180-49066AD52E3B}"
EndProject
Global
	GlobalSection(SolutionConfigurationPlatforms) = preSolution
		Debug|Any CPU = Debug|Any CPU
		Release|Any CPU = Release|Any CPU
	EndGlobalSection
	GlobalSection(ProjectConfigurationPlatforms) = postSolution
		{D0D98E33-BF45-40ED-BFF5-3413A9430EBF}.Debug|Any CPU.ActiveCfg = Debug|Any CPU
		{D0D98E33-BF45-40ED-BFF5-3413A9430EBF}.Debug|Any CPU.Build.0 = Debug|Any CPU
		{D0D98E33-BF45-40ED-BFF5-3413A9430EBF}.Release|Any CPU.ActiveCfg = Release|Any CPU
		{D0D98E33-BF45-40ED-BFF5-3413A9430EBF}.Release|Any CPU.Build.0 = Release|Any CPU
		{4AEE1376-94FF-4695-8A72-97C7A9F8B922}.Debug|Any CPU.ActiveCfg = Debug|Any CPU
		{4AEE1376-94FF-4695-8A72-97C7A9F8B922}.Debug|Any CPU.Build.0 = Debug|Any CPU
		{4AEE1376-94FF-4695-8A72-97C7A9F8B922}.Release|Any CPU.ActiveCfg = Release|Any CPU
		{4AEE1376-94FF-4695-8A72-97C7A9F8B922}.Release|Any CPU.Build.0 = Release|Any CPU
		{A888B92F-EC38-460E-B180-49066AD52E3B}.Debug|Any CPU.ActiveCfg = Debug|Any CPU
		{A888B92F-EC38-460E-B180-49066AD52E3B}.Debug|Any CPU.Build.0 = Debug|Any CPU
		{A888B92F-EC38-460E-B180-49066AD52E3B}.Release|Any CPU.ActiveCfg = Release|Any CPU
		{A888B92F-EC38-460E-B180-49066AD52E3B}.Release|Any CPU.Build.0 = Release|Any CPU
	EndGlobalSection
	GlobalSection(SolutionProperties) = preSolution
		HideSolutionNode = FALSE
	EndGlobalSection
	GlobalSection(ExtensibilityGlobals) = postSolution
		SolutionGuid = {2AE57161-FF81-438D-94D2-A0468E910B9D}
	EndGlobalSection
EndGlobal
